Microsoft Visual Studio Solution File, Format Version 12.00
# Visual Studio 14
VisualStudioVersion = 14.0.25420.1
MinimumVisualStudioVersion = 10.0.40219.1
Project("{FAE04EC0-301F-11D3-BF4B-00C04F79EFBC}") = "NestedHtmlWriter", "NestedHtmlWriter\NestedHtmlWriter.csproj", "{A3398B37-A4CF-4411-987D-EC50B72F8FC0}"
EndProject
Project("{FAE04EC0-301F-11D3-BF4B-00C04F79EFBC}") = "TestNestedHtmlWriter", "TestNestedHtmlWriter\TestNestedHtmlWriter.csproj", "{DD0C4EF3-C856-445C-8CCF-B016BCEB5C13}"
EndProject
Project("{2150E333-8FDC-42A3-9474-1A3956D46DE8}") = "Solution Items", "Solution Items", "{891D8FCB-87DE-4B89-8886-D83C96357C51}"
	ProjectSection(SolutionItems) = preProject
		arc.cmd = arc.cmd
		gendoc.cmd = gendoc.cmd
		nhw001.txt = nhw001.txt
	EndProjectSection
EndProject
Project("{FAE04EC0-301F-11D3-BF4B-00C04F79EFBC}") = "NestedHtmlWriterPortable", "NestedHtmlWriterPortable\NestedHtmlWriterPortable.csproj", "{396659F7-D728-49CD-B0F5-0AFB2F3051F8}"
EndProject
Project("{FAE04EC0-301F-11D3-BF4B-00C04F79EFBC}") = "TestNestedHtmlWriterPortable", "TestNestedHtmlWriterPortable\TestNestedHtmlWriterPortable.csproj", "{40BABF5D-FEE5-40B5-94C7-3F9D24E0BC89}"
EndProject
Global
	GlobalSection(SolutionConfigurationPlatforms) = preSolution
		Debug|Any CPU = Debug|Any CPU
		KinoLaboRelease|Any CPU = KinoLaboRelease|Any CPU
		Release|Any CPU = Release|Any CPU
	EndGlobalSection
	GlobalSection(ProjectConfigurationPlatforms) = postSolution
		{A3398B37-A4CF-4411-987D-EC50B72F8FC0}.Debug|Any CPU.ActiveCfg = Debug|Any CPU
		{A3398B37-A4CF-4411-987D-EC50B72F8FC0}.Debug|Any CPU.Build.0 = Debug|Any CPU
		{A3398B37-A4CF-4411-987D-EC50B72F8FC0}.KinoLaboRelease|Any CPU.ActiveCfg = KinoLaboRelease|Any CPU
		{A3398B37-A4CF-4411-987D-EC50B72F8FC0}.KinoLaboRelease|Any CPU.Build.0 = KinoLaboRelease|Any CPU
		{A3398B37-A4CF-4411-987D-EC50B72F8FC0}.Release|Any CPU.ActiveCfg = Release|Any CPU
		{A3398B37-A4CF-4411-987D-EC50B72F8FC0}.Release|Any CPU.Build.0 = Release|Any CPU
		{DD0C4EF3-C856-445C-8CCF-B016BCEB5C13}.Debug|Any CPU.ActiveCfg = Debug|Any CPU
		{DD0C4EF3-C856-445C-8CCF-B016BCEB5C13}.Debug|Any CPU.Build.0 = Debug|Any CPU
		{DD0C4EF3-C856-445C-8CCF-B016BCEB5C13}.KinoLaboRelease|Any CPU.ActiveCfg = KinoLaboRelease|Any CPU
		{DD0C4EF3-C856-445C-8CCF-B016BCEB5C13}.KinoLaboRelease|Any CPU.Build.0 = KinoLaboRelease|Any CPU
		{DD0C4EF3-C856-445C-8CCF-B016BCEB5C13}.Release|Any CPU.ActiveCfg = Release|Any CPU
		{DD0C4EF3-C856-445C-8CCF-B016BCEB5C13}.Release|Any CPU.Build.0 = Release|Any CPU
		{396659F7-D728-49CD-B0F5-0AFB2F3051F8}.Debug|Any CPU.ActiveCfg = Debug|Any CPU
		{396659F7-D728-49CD-B0F5-0AFB2F3051F8}.Debug|Any CPU.Build.0 = Debug|Any CPU
		{396659F7-D728-49CD-B0F5-0AFB2F3051F8}.KinoLaboRelease|Any CPU.ActiveCfg = Release|Any CPU
		{396659F7-D728-49CD-B0F5-0AFB2F3051F8}.KinoLaboRelease|Any CPU.Build.0 = Release|Any CPU
		{396659F7-D728-49CD-B0F5-0AFB2F3051F8}.Release|Any CPU.ActiveCfg = Release|Any CPU
		{396659F7-D728-49CD-B0F5-0AFB2F3051F8}.Release|Any CPU.Build.0 = Release|Any CPU
		{40BABF5D-FEE5-40B5-94C7-3F9D24E0BC89}.Debug|Any CPU.ActiveCfg = Debug|Any CPU
		{40BABF5D-FEE5-40B5-94C7-3F9D24E0BC89}.Debug|Any CPU.Build.0 = Debug|Any CPU
		{40BABF5D-FEE5-40B5-94C7-3F9D24E0BC89}.KinoLaboRelease|Any CPU.ActiveCfg = Release|Any CPU
		{40BABF5D-FEE5-40B5-94C7-3F9D24E0BC89}.KinoLaboRelease|Any CPU.Build.0 = Release|Any CPU
		{40BABF5D-FEE5-40B5-94C7-3F9D24E0BC89}.Release|Any CPU.ActiveCfg = Release|Any CPU
		{40BABF5D-FEE5-40B5-94C7-3F9D24E0BC89}.Release|Any CPU.Build.0 = Release|Any CPU
	EndGlobalSection
	GlobalSection(SolutionProperties) = preSolution
		HideSolutionNode = FALSE
	EndGlobalSection
EndGlobal
