Microsoft Visual Studio Solution File, Format Version 12.00
# Visual Studio 14
VisualStudioVersion = 14.0.25420.1
MinimumVisualStudioVersion = 10.0.40219.1
Project("{2150E333-8FDC-42A3-9474-1A3956D46DE8}") = "Solution Items", "Solution Items", "{891D8FCB-87DE-4B89-8886-D83C96357C51}"
	ProjectSection(SolutionItems) = preProject
		arc.cmd = arc.cmd
		NestedHtmlWriter.1.2.1.nupkg = NestedHtmlWriter.1.2.1.nupkg
		NestedHtmlWriter.1.2.1.nuspec = NestedHtmlWriter.1.2.1.nuspec
		NestedHtmlWriter.1.2.2.nupkg = NestedHtmlWriter.1.2.2.nupkg
		nhw001.txt = nhw001.txt
		uploadDocs.cmd = uploadDocs.cmd
	EndProjectSection
EndProject
Project("{FAE04EC0-301F-11D3-BF4B-00C04F79EFBC}") = "NestedHtmlWriterPortable", "NestedHtmlWriterPortable\NestedHtmlWriterPortable.csproj", "{396659F7-D728-49CD-B0F5-0AFB2F3051F8}"
EndProject
Project("{FAE04EC0-301F-11D3-BF4B-00C04F79EFBC}") = "TestNestedHtmlWriterPortable", "TestNestedHtmlWriterPortable\TestNestedHtmlWriterPortable.csproj", "{40BABF5D-FEE5-40B5-94C7-3F9D24E0BC89}"
EndProject
Project("{FAE04EC0-301F-11D3-BF4B-00C04F79EFBC}") = "SimpleSample001", "SimpleSample001\SimpleSample001.csproj", "{C2AC10EC-E077-4AF9-B68B-016B8B286100}"
EndProject
Project("{7CF6DF6D-3B04-46F8-A40B-537D21BCA0B4}") = "NestedHtmlWriterDocs", "NestedHtmlWriterDocs\NestedHtmlWriterDocs.shfbproj", "{0FE8E7A7-EC9D-4C6F-904E-A83EBC6317BC}"
EndProject
Global
	GlobalSection(SolutionConfigurationPlatforms) = preSolution
		Debug|Any CPU = Debug|Any CPU
		Release|Any CPU = Release|Any CPU
	EndGlobalSection
	GlobalSection(ProjectConfigurationPlatforms) = postSolution
		{396659F7-D728-49CD-B0F5-0AFB2F3051F8}.Debug|Any CPU.ActiveCfg = Debug|Any CPU
		{396659F7-D728-49CD-B0F5-0AFB2F3051F8}.Debug|Any CPU.Build.0 = Debug|Any CPU
		{396659F7-D728-49CD-B0F5-0AFB2F3051F8}.Release|Any CPU.ActiveCfg = Release|Any CPU
		{396659F7-D728-49CD-B0F5-0AFB2F3051F8}.Release|Any CPU.Build.0 = Release|Any CPU
		{40BABF5D-FEE5-40B5-94C7-3F9D24E0BC89}.Debug|Any CPU.ActiveCfg = Debug|Any CPU
		{40BABF5D-FEE5-40B5-94C7-3F9D24E0BC89}.Debug|Any CPU.Build.0 = Debug|Any CPU
		{40BABF5D-FEE5-40B5-94C7-3F9D24E0BC89}.Release|Any CPU.ActiveCfg = Release|Any CPU
		{40BABF5D-FEE5-40B5-94C7-3F9D24E0BC89}.Release|Any CPU.Build.0 = Release|Any CPU
		{C2AC10EC-E077-4AF9-B68B-016B8B286100}.Debug|Any CPU.ActiveCfg = Debug|Any CPU
		{C2AC10EC-E077-4AF9-B68B-016B8B286100}.Debug|Any CPU.Build.0 = Debug|Any CPU
		{C2AC10EC-E077-4AF9-B68B-016B8B286100}.Release|Any CPU.ActiveCfg = Release|Any CPU
		{C2AC10EC-E077-4AF9-B68B-016B8B286100}.Release|Any CPU.Build.0 = Release|Any CPU
		{0FE8E7A7-EC9D-4C6F-904E-A83EBC6317BC}.Debug|Any CPU.ActiveCfg = Debug|Any CPU
		{0FE8E7A7-EC9D-4C6F-904E-A83EBC6317BC}.Release|Any CPU.ActiveCfg = Release|Any CPU
	EndGlobalSection
	GlobalSection(SolutionProperties) = preSolution
		HideSolutionNode = FALSE
	EndGlobalSection
EndGlobal
